
Microsoft Visual Studio Solution File, Format Version 12.00
# Visual Studio Version 17
VisualStudioVersion = 17.0.31903.59
MinimumVisualStudioVersion = 10.0.40219.1
Project("{FAE04EC0-301F-11D3-BF4B-00C04F79EFBC}") = "OfficeControllerLibrary", "OfficeControllerLibrary\OfficeControllerLibrary.csproj", "{D76BD573-B4CA-4AC1-A35B-D31ED33BAF84}"
EndProject
Project("{FAE04EC0-301F-11D3-BF4B-00C04F79EFBC}") = "OfficeControllerTests", "OfficeControllerTests\OfficeControllerTests.csproj", "{2C98DF56-192F-4A11-A8B0-E475EB870593}"
EndProject
Global
	GlobalSection(SolutionConfigurationPlatforms) = preSolution
		Debug|Any CPU = Debug|Any CPU
		Debug|x64 = Debug|x64
		Debug|x86 = Debug|x86
		Release|Any CPU = Release|Any CPU
		Release|x64 = Release|x64
		Release|x86 = Release|x86
	EndGlobalSection
	GlobalSection(ProjectConfigurationPlatforms) = postSolution
		{D76BD573-B4CA-4AC1-A35B-D31ED33BAF84}.Debug|Any CPU.ActiveCfg = Debug|Any CPU
		{D76BD573-B4CA-4AC1-A35B-D31ED33BAF84}.Debug|Any CPU.Build.0 = Debug|Any CPU
		{D76BD573-B4CA-4AC1-A35B-D31ED33BAF84}.Debug|x64.ActiveCfg = Debug|Any CPU
		{D76BD573-B4CA-4AC1-A35B-D31ED33BAF84}.Debug|x64.Build.0 = Debug|Any CPU
		{D76BD573-B4CA-4AC1-A35B-D31ED33BAF84}.Debug|x86.ActiveCfg = Debug|Any CPU
		{D76BD573-B4CA-4AC1-A35B-D31ED33BAF84}.Debug|x86.Build.0 = Debug|Any CPU
		{D76BD573-B4CA-4AC1-A35B-D31ED33BAF84}.Release|Any CPU.ActiveCfg = Release|Any CPU
		{D76BD573-B4CA-4AC1-A35B-D31ED33BAF84}.Release|Any CPU.Build.0 = Release|Any CPU
		{D76BD573-B4CA-4AC1-A35B-D31ED33BAF84}.Release|x64.ActiveCfg = Release|Any CPU
		{D76BD573-B4CA-4AC1-A35B-D31ED33BAF84}.Release|x64.Build.0 = Release|Any CPU
		{D76BD573-B4CA-4AC1-A35B-D31ED33BAF84}.Release|x86.ActiveCfg = Release|Any CPU
		{D76BD573-B4CA-4AC1-A35B-D31ED33BAF84}.Release|x86.Build.0 = Release|Any CPU
		{2C98DF56-192F-4A11-A8B0-E475EB870593}.Debug|Any CPU.ActiveCfg = Debug|Any CPU
		{2C98DF56-192F-4A11-A8B0-E475EB870593}.Debug|Any CPU.Build.0 = Debug|Any CPU
		{2C98DF56-192F-4A11-A8B0-E475EB870593}.Debug|x64.ActiveCfg = Debug|Any CPU
		{2C98DF56-192F-4A11-A8B0-E475EB870593}.Debug|x64.Build.0 = Debug|Any CPU
		{2C98DF56-192F-4A11-A8B0-E475EB870593}.Debug|x86.ActiveCfg = Debug|Any CPU
		{2C98DF56-192F-4A11-A8B0-E475EB870593}.Debug|x86.Build.0 = Debug|Any CPU
		{2C98DF56-192F-4A11-A8B0-E475EB870593}.Release|Any CPU.ActiveCfg = Release|Any CPU
		{2C98DF56-192F-4A11-A8B0-E475EB870593}.Release|Any CPU.Build.0 = Release|Any CPU
		{2C98DF56-192F-4A11-A8B0-E475EB870593}.Release|x64.ActiveCfg = Release|Any CPU
		{2C98DF56-192F-4A11-A8B0-E475EB870593}.Release|x64.Build.0 = Release|Any CPU
		{2C98DF56-192F-4A11-A8B0-E475EB870593}.Release|x86.ActiveCfg = Release|Any CPU
		{2C98DF56-192F-4A11-A8B0-E475EB870593}.Release|x86.Build.0 = Release|Any CPU
	EndGlobalSection
	GlobalSection(SolutionProperties) = preSolution
		HideSolutionNode = FALSE
	EndGlobalSection
EndGlobal
